
Microsoft Visual Studio Solution File, Format Version 12.00
# Visual Studio Version 16
VisualStudioVersion = 16.0.31112.23
MinimumVisualStudioVersion = 10.0.40219.1
Project("{FAE04EC0-301F-11D3-BF4B-00C04F79EFBC}") = "Równanie kwadratowe", "Równanie kwadratowe.csproj", "{B99C2EF4-E0C8-4955-8C8C-9A9464CB92D5}"
EndProject
Global
	GlobalSection(SolutionConfigurationPlatforms) = preSolution
		Debug|Any CPU = Debug|Any CPU
		Release|Any CPU = Release|Any CPU
	EndGlobalSection
	GlobalSection(ProjectConfigurationPlatforms) = postSolution
		{B99C2EF4-E0C8-4955-8C8C-9A9464CB92D5}.Debug|Any CPU.ActiveCfg = Debug|Any CPU
		{B99C2EF4-E0C8-4955-8C8C-9A9464CB92D5}.Debug|Any CPU.Build.0 = Debug|Any CPU
		{B99C2EF4-E0C8-4955-8C8C-9A9464CB92D5}.Release|Any CPU.ActiveCfg = Release|Any CPU
		{B99C2EF4-E0C8-4955-8C8C-9A9464CB92D5}.Release|Any CPU.Build.0 = Release|Any CPU
	EndGlobalSection
	GlobalSection(SolutionProperties) = preSolution
		HideSolutionNode = FALSE
	EndGlobalSection
	GlobalSection(ExtensibilityGlobals) = postSolution
		SolutionGuid = {320DF87F-3656-4151-880B-42AD5A28B74B}
	EndGlobalSection
EndGlobal
