
Microsoft Visual Studio Solution File, Format Version 12.00
# Visual Studio Version 16
VisualStudioVersion = 16.0.31112.23
MinimumVisualStudioVersion = 10.0.40219.1
Project("{FAE04EC0-301F-11D3-BF4B-00C04F79EFBC}") = "STOS", "STOS.csproj", "{EADCB6A6-2569-4970-947B-A0FB75961BC3}"
EndProject
Global
	GlobalSection(SolutionConfigurationPlatforms) = preSolution
		Debug|Any CPU = Debug|Any CPU
		Release|Any CPU = Release|Any CPU
	EndGlobalSection
	GlobalSection(ProjectConfigurationPlatforms) = postSolution
		{EADCB6A6-2569-4970-947B-A0FB75961BC3}.Debug|Any CPU.ActiveCfg = Debug|Any CPU
		{EADCB6A6-2569-4970-947B-A0FB75961BC3}.Debug|Any CPU.Build.0 = Debug|Any CPU
		{EADCB6A6-2569-4970-947B-A0FB75961BC3}.Release|Any CPU.ActiveCfg = Release|Any CPU
		{EADCB6A6-2569-4970-947B-A0FB75961BC3}.Release|Any CPU.Build.0 = Release|Any CPU
	EndGlobalSection
	GlobalSection(SolutionProperties) = preSolution
		HideSolutionNode = FALSE
	EndGlobalSection
	GlobalSection(ExtensibilityGlobals) = postSolution
		SolutionGuid = {93D982F5-81A0-4004-87B7-C49D356254B1}
	EndGlobalSection
EndGlobal
