
Microsoft Visual Studio Solution File, Format Version 12.00
# Visual Studio Version 16
VisualStudioVersion = 16.0.31112.23
MinimumVisualStudioVersion = 10.0.40219.1
Project("{FAE04EC0-301F-11D3-BF4B-00C04F79EFBC}") = "SMPSEQ6 - Fun with Sequences (Act 4)", "SMPSEQ6 - Fun with Sequences (Act 4)\SMPSEQ6 - Fun with Sequences (Act 4).csproj", "{7376F0BF-0540-4CAF-BF2C-561E896B0278}"
EndProject
Global
	GlobalSection(SolutionConfigurationPlatforms) = preSolution
		Debug|Any CPU = Debug|Any CPU
		Release|Any CPU = Release|Any CPU
	EndGlobalSection
	GlobalSection(ProjectConfigurationPlatforms) = postSolution
		{7376F0BF-0540-4CAF-BF2C-561E896B0278}.Debug|Any CPU.ActiveCfg = Debug|Any CPU
		{7376F0BF-0540-4CAF-BF2C-561E896B0278}.Debug|Any CPU.Build.0 = Debug|Any CPU
		{7376F0BF-0540-4CAF-BF2C-561E896B0278}.Release|Any CPU.ActiveCfg = Release|Any CPU
		{7376F0BF-0540-4CAF-BF2C-561E896B0278}.Release|Any CPU.Build.0 = Release|Any CPU
	EndGlobalSection
	GlobalSection(SolutionProperties) = preSolution
		HideSolutionNode = FALSE
	EndGlobalSection
	GlobalSection(ExtensibilityGlobals) = postSolution
		SolutionGuid = {3CBF72AD-4D4B-4FD6-87F8-90FDBB9AF38A}
	EndGlobalSection
EndGlobal
