
Microsoft Visual Studio Solution File, Format Version 12.00
# Visual Studio Version 16
VisualStudioVersion = 16.0.31112.23
MinimumVisualStudioVersion = 10.0.40219.1
Project("{FAE04EC0-301F-11D3-BF4B-00C04F79EFBC}") = "ACT 7 spoj", "ACT 7 spoj.csproj", "{D61B2A7B-FA92-4C0A-916B-8BACBA0586F0}"
EndProject
Global
	GlobalSection(SolutionConfigurationPlatforms) = preSolution
		Debug|Any CPU = Debug|Any CPU
		Release|Any CPU = Release|Any CPU
	EndGlobalSection
	GlobalSection(ProjectConfigurationPlatforms) = postSolution
		{D61B2A7B-FA92-4C0A-916B-8BACBA0586F0}.Debug|Any CPU.ActiveCfg = Debug|Any CPU
		{D61B2A7B-FA92-4C0A-916B-8BACBA0586F0}.Debug|Any CPU.Build.0 = Debug|Any CPU
		{D61B2A7B-FA92-4C0A-916B-8BACBA0586F0}.Release|Any CPU.ActiveCfg = Release|Any CPU
		{D61B2A7B-FA92-4C0A-916B-8BACBA0586F0}.Release|Any CPU.Build.0 = Release|Any CPU
	EndGlobalSection
	GlobalSection(SolutionProperties) = preSolution
		HideSolutionNode = FALSE
	EndGlobalSection
	GlobalSection(ExtensibilityGlobals) = postSolution
		SolutionGuid = {FABDCB0C-67E6-4D62-846E-DEE2599F97C7}
	EndGlobalSection
EndGlobal
