
Microsoft Visual Studio Solution File, Format Version 12.00
# Visual Studio Version 16
VisualStudioVersion = 16.0.31112.23
MinimumVisualStudioVersion = 10.0.40219.1
Project("{FAE04EC0-301F-11D3-BF4B-00C04F79EFBC}") = "SBANK - Sorting Bank Accounts", "SBANK - Sorting Bank Accounts.csproj", "{D0D9B3D3-C96D-4647-897F-54597CF9D09C}"
EndProject
Global
	GlobalSection(SolutionConfigurationPlatforms) = preSolution
		Debug|Any CPU = Debug|Any CPU
		Release|Any CPU = Release|Any CPU
	EndGlobalSection
	GlobalSection(ProjectConfigurationPlatforms) = postSolution
		{D0D9B3D3-C96D-4647-897F-54597CF9D09C}.Debug|Any CPU.ActiveCfg = Debug|Any CPU
		{D0D9B3D3-C96D-4647-897F-54597CF9D09C}.Debug|Any CPU.Build.0 = Debug|Any CPU
		{D0D9B3D3-C96D-4647-897F-54597CF9D09C}.Release|Any CPU.ActiveCfg = Release|Any CPU
		{D0D9B3D3-C96D-4647-897F-54597CF9D09C}.Release|Any CPU.Build.0 = Release|Any CPU
	EndGlobalSection
	GlobalSection(SolutionProperties) = preSolution
		HideSolutionNode = FALSE
	EndGlobalSection
	GlobalSection(ExtensibilityGlobals) = postSolution
		SolutionGuid = {BEAEC274-6843-4F62-98FD-AC9EB6D32603}
	EndGlobalSection
EndGlobal
